
Microsoft Visual Studio Solution File, Format Version 12.00
# Visual Studio Version 16
VisualStudioVersion = 16.0.33529.622
MinimumVisualStudioVersion = 10.0.40219.1
Project("{FAE04EC0-301F-11D3-BF4B-00C04F79EFBC}") = "coronaProject", "coronaProject\coronaProject.csproj", "{F8BEA0EB-230A-4648-B7E2-F01AFC17CC69}"
EndProject
Global
	GlobalSection(SolutionConfigurationPlatforms) = preSolution
		Debug|Any CPU = Debug|Any CPU
		Release|Any CPU = Release|Any CPU
	EndGlobalSection
	GlobalSection(ProjectConfigurationPlatforms) = postSolution
		{F8BEA0EB-230A-4648-B7E2-F01AFC17CC69}.Debug|Any CPU.ActiveCfg = Debug|Any CPU
		{F8BEA0EB-230A-4648-B7E2-F01AFC17CC69}.Debug|Any CPU.Build.0 = Debug|Any CPU
		{F8BEA0EB-230A-4648-B7E2-F01AFC17CC69}.Release|Any CPU.ActiveCfg = Release|Any CPU
		{F8BEA0EB-230A-4648-B7E2-F01AFC17CC69}.Release|Any CPU.Build.0 = Release|Any CPU
	EndGlobalSection
	GlobalSection(SolutionProperties) = preSolution
		HideSolutionNode = FALSE
	EndGlobalSection
	GlobalSection(ExtensibilityGlobals) = postSolution
		SolutionGuid = {04080DE9-26B9-4A21-A8DD-11CBDA2DCF5B}
	EndGlobalSection
EndGlobal
